
Microsoft Visual Studio Solution File, Format Version 12.00
# Visual Studio Version 17
VisualStudioVersion = 17.0.31903.59
MinimumVisualStudioVersion = 10.0.40219.1
Project("{2150E333-8FDC-42A3-9474-1A3956D46DE8}") = "src", "src", "{15BB5254-9E2C-4CDA-82F3-BC422DD1043E}"
EndProject
Project("{FAE04EC0-301F-11D3-BF4B-00C04F79EFBC}") = "MonospaceEngine.Core", "src\MonospaceEngine.Core\MonospaceEngine.Core.csproj", "{1D6744CB-A3D6-4555-A100-869FBA63D045}"
EndProject
Project("{2150E333-8FDC-42A3-9474-1A3956D46DE8}") = "test", "test", "{1A130356-51AD-4431-ABB1-22E10198C244}"
EndProject
Project("{FAE04EC0-301F-11D3-BF4B-00C04F79EFBC}") = "Playground", "test\Playground\Playground.csproj", "{E28CDE56-3233-4780-ACE5-F99317936C5C}"
EndProject
Project("{FAE04EC0-301F-11D3-BF4B-00C04F79EFBC}") = "MonospaceEngine.Configuration", "src\MonospaceEngine.Configuration\MonospaceEngine.Configuration.csproj", "{B2E5E037-4EF1-46EB-A118-66CB210BC668}"
EndProject
Project("{FAE04EC0-301F-11D3-BF4B-00C04F79EFBC}") = "MonospaceEngine.Extensions", "src\MonospaceEngine.Extensions\MonospaceEngine.Extensions.csproj", "{53DA635D-7D89-4C7A-A07E-269A3FEC5E38}"
EndProject
Project("{FAE04EC0-301F-11D3-BF4B-00C04F79EFBC}") = "MonospaceEngine.Logging", "src\MonospaceEngine.Logging\MonospaceEngine.Logging.csproj", "{93338D73-E421-4BE0-B0B5-57621493DC2F}"
EndProject
Project("{FAE04EC0-301F-11D3-BF4B-00C04F79EFBC}") = "MonospaceEngine.UI", "src\MonospaceEngine.UI\MonospaceEngine.UI.csproj", "{379D4601-858F-45F9-9799-DAFD6863D9DE}"
EndProject
Project("{FAE04EC0-301F-11D3-BF4B-00C04F79EFBC}") = "MonospaceEngine.Utilities", "src\MonospaceEngine.Utilities\MonospaceEngine.Utilities.csproj", "{04EBEE77-5BEA-4118-9B67-1AE869D3C0A5}"
EndProject
Global
	GlobalSection(SolutionConfigurationPlatforms) = preSolution
		Debug|Any CPU = Debug|Any CPU
		Release|Any CPU = Release|Any CPU
	EndGlobalSection
	GlobalSection(SolutionProperties) = preSolution
		HideSolutionNode = FALSE
	EndGlobalSection
	GlobalSection(ProjectConfigurationPlatforms) = postSolution
		{1D6744CB-A3D6-4555-A100-869FBA63D045}.Debug|Any CPU.ActiveCfg = Debug|Any CPU
		{1D6744CB-A3D6-4555-A100-869FBA63D045}.Debug|Any CPU.Build.0 = Debug|Any CPU
		{1D6744CB-A3D6-4555-A100-869FBA63D045}.Release|Any CPU.ActiveCfg = Release|Any CPU
		{1D6744CB-A3D6-4555-A100-869FBA63D045}.Release|Any CPU.Build.0 = Release|Any CPU
		{E28CDE56-3233-4780-ACE5-F99317936C5C}.Debug|Any CPU.ActiveCfg = Debug|Any CPU
		{E28CDE56-3233-4780-ACE5-F99317936C5C}.Debug|Any CPU.Build.0 = Debug|Any CPU
		{E28CDE56-3233-4780-ACE5-F99317936C5C}.Release|Any CPU.ActiveCfg = Release|Any CPU
		{E28CDE56-3233-4780-ACE5-F99317936C5C}.Release|Any CPU.Build.0 = Release|Any CPU
		{B2E5E037-4EF1-46EB-A118-66CB210BC668}.Debug|Any CPU.ActiveCfg = Debug|Any CPU
		{B2E5E037-4EF1-46EB-A118-66CB210BC668}.Debug|Any CPU.Build.0 = Debug|Any CPU
		{B2E5E037-4EF1-46EB-A118-66CB210BC668}.Release|Any CPU.ActiveCfg = Release|Any CPU
		{B2E5E037-4EF1-46EB-A118-66CB210BC668}.Release|Any CPU.Build.0 = Release|Any CPU
		{53DA635D-7D89-4C7A-A07E-269A3FEC5E38}.Debug|Any CPU.ActiveCfg = Debug|Any CPU
		{53DA635D-7D89-4C7A-A07E-269A3FEC5E38}.Debug|Any CPU.Build.0 = Debug|Any CPU
		{53DA635D-7D89-4C7A-A07E-269A3FEC5E38}.Release|Any CPU.ActiveCfg = Release|Any CPU
		{53DA635D-7D89-4C7A-A07E-269A3FEC5E38}.Release|Any CPU.Build.0 = Release|Any CPU
		{93338D73-E421-4BE0-B0B5-57621493DC2F}.Debug|Any CPU.ActiveCfg = Debug|Any CPU
		{93338D73-E421-4BE0-B0B5-57621493DC2F}.Debug|Any CPU.Build.0 = Debug|Any CPU
		{93338D73-E421-4BE0-B0B5-57621493DC2F}.Release|Any CPU.ActiveCfg = Release|Any CPU
		{93338D73-E421-4BE0-B0B5-57621493DC2F}.Release|Any CPU.Build.0 = Release|Any CPU
		{379D4601-858F-45F9-9799-DAFD6863D9DE}.Debug|Any CPU.ActiveCfg = Debug|Any CPU
		{379D4601-858F-45F9-9799-DAFD6863D9DE}.Debug|Any CPU.Build.0 = Debug|Any CPU
		{379D4601-858F-45F9-9799-DAFD6863D9DE}.Release|Any CPU.ActiveCfg = Release|Any CPU
		{379D4601-858F-45F9-9799-DAFD6863D9DE}.Release|Any CPU.Build.0 = Release|Any CPU
		{04EBEE77-5BEA-4118-9B67-1AE869D3C0A5}.Debug|Any CPU.ActiveCfg = Debug|Any CPU
		{04EBEE77-5BEA-4118-9B67-1AE869D3C0A5}.Debug|Any CPU.Build.0 = Debug|Any CPU
		{04EBEE77-5BEA-4118-9B67-1AE869D3C0A5}.Release|Any CPU.ActiveCfg = Release|Any CPU
		{04EBEE77-5BEA-4118-9B67-1AE869D3C0A5}.Release|Any CPU.Build.0 = Release|Any CPU
	EndGlobalSection
	GlobalSection(NestedProjects) = preSolution
		{1D6744CB-A3D6-4555-A100-869FBA63D045} = {15BB5254-9E2C-4CDA-82F3-BC422DD1043E}
		{E28CDE56-3233-4780-ACE5-F99317936C5C} = {1A130356-51AD-4431-ABB1-22E10198C244}
		{B2E5E037-4EF1-46EB-A118-66CB210BC668} = {15BB5254-9E2C-4CDA-82F3-BC422DD1043E}
		{53DA635D-7D89-4C7A-A07E-269A3FEC5E38} = {15BB5254-9E2C-4CDA-82F3-BC422DD1043E}
		{93338D73-E421-4BE0-B0B5-57621493DC2F} = {15BB5254-9E2C-4CDA-82F3-BC422DD1043E}
		{379D4601-858F-45F9-9799-DAFD6863D9DE} = {15BB5254-9E2C-4CDA-82F3-BC422DD1043E}
		{04EBEE77-5BEA-4118-9B67-1AE869D3C0A5} = {15BB5254-9E2C-4CDA-82F3-BC422DD1043E}
	EndGlobalSection
EndGlobal
